
Microsoft Visual Studio Solution File, Format Version 12.00
# Visual Studio Version 17
VisualStudioVersion = 17.8.34408.163
MinimumVisualStudioVersion = 10.0.40219.1
Project("{2150E333-8FDC-42A3-9474-1A3956D46DE8}") = "src", "src", "{C8BFC232-D922-4722-B18D-CF3D2579419B}"
EndProject
Project("{2150E333-8FDC-42A3-9474-1A3956D46DE8}") = "test", "test", "{D3231770-A818-4411-B274-74A807349BE4}"
EndProject
Project("{9A19103F-16F7-4668-BE54-9A1E7A4F7556}") = "Api.Test", "Api.Test\Api.Test.csproj", "{08EC6D77-156B-48F8-A98E-08046923CEBA}"
EndProject
Project("{9A19103F-16F7-4668-BE54-9A1E7A4F7556}") = "Notes.Api", "Notes.Api\Notes.Api.csproj", "{2DA6F6D6-509D-4EF1-BBFC-39A229E4C361}"
EndProject
Project("{9A19103F-16F7-4668-BE54-9A1E7A4F7556}") = "Notes.Domain", "Notes.Domain\Notes.Domain.csproj", "{F0C292D6-647C-4CE5-B2E0-74DFBEB6E19B}"
EndProject
Project("{9A19103F-16F7-4668-BE54-9A1E7A4F7556}") = "Notes.Application", "Notes.Application\Notes.Application.csproj", "{9ED21A82-DBD4-4588-8073-2A3ACD709237}"
EndProject
Project("{9A19103F-16F7-4668-BE54-9A1E7A4F7556}") = "Notes.Infrastructure", "Notes.Infrastructure\Notes.Infrastructure.csproj", "{9EA49179-1D22-4F08-B53F-BC46EBC3241F}"
EndProject
Global
	GlobalSection(SolutionConfigurationPlatforms) = preSolution
		Debug|Any CPU = Debug|Any CPU
		Release|Any CPU = Release|Any CPU
	EndGlobalSection
	GlobalSection(ProjectConfigurationPlatforms) = postSolution
		{08EC6D77-156B-48F8-A98E-08046923CEBA}.Debug|Any CPU.ActiveCfg = Debug|Any CPU
		{08EC6D77-156B-48F8-A98E-08046923CEBA}.Debug|Any CPU.Build.0 = Debug|Any CPU
		{08EC6D77-156B-48F8-A98E-08046923CEBA}.Release|Any CPU.ActiveCfg = Release|Any CPU
		{08EC6D77-156B-48F8-A98E-08046923CEBA}.Release|Any CPU.Build.0 = Release|Any CPU
		{2DA6F6D6-509D-4EF1-BBFC-39A229E4C361}.Debug|Any CPU.ActiveCfg = Debug|Any CPU
		{2DA6F6D6-509D-4EF1-BBFC-39A229E4C361}.Debug|Any CPU.Build.0 = Debug|Any CPU
		{2DA6F6D6-509D-4EF1-BBFC-39A229E4C361}.Release|Any CPU.ActiveCfg = Release|Any CPU
		{2DA6F6D6-509D-4EF1-BBFC-39A229E4C361}.Release|Any CPU.Build.0 = Release|Any CPU
		{F0C292D6-647C-4CE5-B2E0-74DFBEB6E19B}.Debug|Any CPU.ActiveCfg = Debug|Any CPU
		{F0C292D6-647C-4CE5-B2E0-74DFBEB6E19B}.Debug|Any CPU.Build.0 = Debug|Any CPU
		{F0C292D6-647C-4CE5-B2E0-74DFBEB6E19B}.Release|Any CPU.ActiveCfg = Release|Any CPU
		{F0C292D6-647C-4CE5-B2E0-74DFBEB6E19B}.Release|Any CPU.Build.0 = Release|Any CPU
		{9ED21A82-DBD4-4588-8073-2A3ACD709237}.Debug|Any CPU.ActiveCfg = Debug|Any CPU
		{9ED21A82-DBD4-4588-8073-2A3ACD709237}.Debug|Any CPU.Build.0 = Debug|Any CPU
		{9ED21A82-DBD4-4588-8073-2A3ACD709237}.Release|Any CPU.ActiveCfg = Release|Any CPU
		{9ED21A82-DBD4-4588-8073-2A3ACD709237}.Release|Any CPU.Build.0 = Release|Any CPU
		{9EA49179-1D22-4F08-B53F-BC46EBC3241F}.Debug|Any CPU.ActiveCfg = Debug|Any CPU
		{9EA49179-1D22-4F08-B53F-BC46EBC3241F}.Debug|Any CPU.Build.0 = Debug|Any CPU
		{9EA49179-1D22-4F08-B53F-BC46EBC3241F}.Release|Any CPU.ActiveCfg = Release|Any CPU
		{9EA49179-1D22-4F08-B53F-BC46EBC3241F}.Release|Any CPU.Build.0 = Release|Any CPU
	EndGlobalSection
	GlobalSection(SolutionProperties) = preSolution
		HideSolutionNode = FALSE
	EndGlobalSection
	GlobalSection(NestedProjects) = preSolution
		{08EC6D77-156B-48F8-A98E-08046923CEBA} = {D3231770-A818-4411-B274-74A807349BE4}
		{2DA6F6D6-509D-4EF1-BBFC-39A229E4C361} = {C8BFC232-D922-4722-B18D-CF3D2579419B}
		{F0C292D6-647C-4CE5-B2E0-74DFBEB6E19B} = {C8BFC232-D922-4722-B18D-CF3D2579419B}
		{9ED21A82-DBD4-4588-8073-2A3ACD709237} = {C8BFC232-D922-4722-B18D-CF3D2579419B}
		{9EA49179-1D22-4F08-B53F-BC46EBC3241F} = {C8BFC232-D922-4722-B18D-CF3D2579419B}
	EndGlobalSection
	GlobalSection(ExtensibilityGlobals) = postSolution
		SolutionGuid = {B97B43C7-FC00-43DE-980F-637A46FB0F5F}
	EndGlobalSection
EndGlobal
